
Microsoft Visual Studio Solution File, Format Version 12.00
# Visual Studio 15
VisualStudioVersion = 15.0.28307.572
MinimumVisualStudioVersion = 10.0.40219.1
Project("{9A19103F-16F7-4668-BE54-9A1E7A4F7556}") = "01Task", "01Task\01Task.csproj", "{065259B1-BFFC-4D0C-BCA8-C7470A656C32}"
EndProject
Project("{9A19103F-16F7-4668-BE54-9A1E7A4F7556}") = "02Task", "02Task\02Task.csproj", "{75FDD391-64D2-419D-B5A7-549A4A2F1062}"
EndProject
Project("{9A19103F-16F7-4668-BE54-9A1E7A4F7556}") = "03Task", "03Task\03Task.csproj", "{66EFEECD-CAB6-4088-859B-394A9995F7F1}"
EndProject
Project("{9A19103F-16F7-4668-BE54-9A1E7A4F7556}") = "04Task", "04Task\04Task.csproj", "{DFFC0642-89E2-4954-9DCA-F8152D625C6B}"
EndProject
Project("{9A19103F-16F7-4668-BE54-9A1E7A4F7556}") = "05Task", "05Task\05Task.csproj", "{1D51F905-0F39-46AE-9B66-B389B82A3D90}"
EndProject
Project("{9A19103F-16F7-4668-BE54-9A1E7A4F7556}") = "06Task", "06Task\06Task.csproj", "{B7ED9A16-4BAE-4EBD-BA6A-C46BC9690891}"
EndProject
Project("{9A19103F-16F7-4668-BE54-9A1E7A4F7556}") = "07Task", "07Task\07Task.csproj", "{6D183C6E-D1CF-418F-8D99-A1CC516A8647}"
EndProject
Project("{9A19103F-16F7-4668-BE54-9A1E7A4F7556}") = "08Task", "08Task\08Task.csproj", "{384EE30C-8E9F-43E4-B0EA-E161B61FF328}"
EndProject
Project("{FAE04EC0-301F-11D3-BF4B-00C04F79EFBC}") = "08Task ForSolution", "08Task ForSolution\08Task ForSolution.csproj", "{906C1334-0F8D-4A4E-A4DF-277D9C4E141A}"
EndProject
Project("{FAE04EC0-301F-11D3-BF4B-00C04F79EFBC}") = "09Task", "09Task\09Task.csproj", "{5ECC4984-791F-423E-950B-FFA706914836}"
EndProject
Project("{FAE04EC0-301F-11D3-BF4B-00C04F79EFBC}") = "10Task", "10Task\10Task.csproj", "{31FCE76D-FB3B-45CB-BCE4-459561D865CB}"
EndProject
Project("{FAE04EC0-301F-11D3-BF4B-00C04F79EFBC}") = "11Task", "11Task\11Task.csproj", "{C356FF53-8C4A-4F45-9D53-F17997A4B131}"
EndProject
Project("{FAE04EC0-301F-11D3-BF4B-00C04F79EFBC}") = "12Task", "12Task\12Task.csproj", "{ADC710F4-64EA-4B04-8258-CE644F608070}"
EndProject
Project("{FAE04EC0-301F-11D3-BF4B-00C04F79EFBC}") = "13Task", "13Task\13Task.csproj", "{C5E48953-3DC0-49F8-BCF0-0D9CA74134EB}"
EndProject
Global
	GlobalSection(SolutionConfigurationPlatforms) = preSolution
		Debug|Any CPU = Debug|Any CPU
		Release|Any CPU = Release|Any CPU
	EndGlobalSection
	GlobalSection(ProjectConfigurationPlatforms) = postSolution
		{065259B1-BFFC-4D0C-BCA8-C7470A656C32}.Debug|Any CPU.ActiveCfg = Debug|Any CPU
		{065259B1-BFFC-4D0C-BCA8-C7470A656C32}.Debug|Any CPU.Build.0 = Debug|Any CPU
		{065259B1-BFFC-4D0C-BCA8-C7470A656C32}.Release|Any CPU.ActiveCfg = Release|Any CPU
		{065259B1-BFFC-4D0C-BCA8-C7470A656C32}.Release|Any CPU.Build.0 = Release|Any CPU
		{75FDD391-64D2-419D-B5A7-549A4A2F1062}.Debug|Any CPU.ActiveCfg = Debug|Any CPU
		{75FDD391-64D2-419D-B5A7-549A4A2F1062}.Debug|Any CPU.Build.0 = Debug|Any CPU
		{75FDD391-64D2-419D-B5A7-549A4A2F1062}.Release|Any CPU.ActiveCfg = Release|Any CPU
		{75FDD391-64D2-419D-B5A7-549A4A2F1062}.Release|Any CPU.Build.0 = Release|Any CPU
		{66EFEECD-CAB6-4088-859B-394A9995F7F1}.Debug|Any CPU.ActiveCfg = Debug|Any CPU
		{66EFEECD-CAB6-4088-859B-394A9995F7F1}.Debug|Any CPU.Build.0 = Debug|Any CPU
		{66EFEECD-CAB6-4088-859B-394A9995F7F1}.Release|Any CPU.ActiveCfg = Release|Any CPU
		{66EFEECD-CAB6-4088-859B-394A9995F7F1}.Release|Any CPU.Build.0 = Release|Any CPU
		{DFFC0642-89E2-4954-9DCA-F8152D625C6B}.Debug|Any CPU.ActiveCfg = Debug|Any CPU
		{DFFC0642-89E2-4954-9DCA-F8152D625C6B}.Debug|Any CPU.Build.0 = Debug|Any CPU
		{DFFC0642-89E2-4954-9DCA-F8152D625C6B}.Release|Any CPU.ActiveCfg = Release|Any CPU
		{DFFC0642-89E2-4954-9DCA-F8152D625C6B}.Release|Any CPU.Build.0 = Release|Any CPU
		{1D51F905-0F39-46AE-9B66-B389B82A3D90}.Debug|Any CPU.ActiveCfg = Debug|Any CPU
		{1D51F905-0F39-46AE-9B66-B389B82A3D90}.Debug|Any CPU.Build.0 = Debug|Any CPU
		{1D51F905-0F39-46AE-9B66-B389B82A3D90}.Release|Any CPU.ActiveCfg = Release|Any CPU
		{1D51F905-0F39-46AE-9B66-B389B82A3D90}.Release|Any CPU.Build.0 = Release|Any CPU
		{B7ED9A16-4BAE-4EBD-BA6A-C46BC9690891}.Debug|Any CPU.ActiveCfg = Debug|Any CPU
		{B7ED9A16-4BAE-4EBD-BA6A-C46BC9690891}.Debug|Any CPU.Build.0 = Debug|Any CPU
		{B7ED9A16-4BAE-4EBD-BA6A-C46BC9690891}.Release|Any CPU.ActiveCfg = Release|Any CPU
		{B7ED9A16-4BAE-4EBD-BA6A-C46BC9690891}.Release|Any CPU.Build.0 = Release|Any CPU
		{6D183C6E-D1CF-418F-8D99-A1CC516A8647}.Debug|Any CPU.ActiveCfg = Debug|Any CPU
		{6D183C6E-D1CF-418F-8D99-A1CC516A8647}.Debug|Any CPU.Build.0 = Debug|Any CPU
		{6D183C6E-D1CF-418F-8D99-A1CC516A8647}.Release|Any CPU.ActiveCfg = Release|Any CPU
		{6D183C6E-D1CF-418F-8D99-A1CC516A8647}.Release|Any CPU.Build.0 = Release|Any CPU
		{384EE30C-8E9F-43E4-B0EA-E161B61FF328}.Debug|Any CPU.ActiveCfg = Debug|Any CPU
		{384EE30C-8E9F-43E4-B0EA-E161B61FF328}.Debug|Any CPU.Build.0 = Debug|Any CPU
		{384EE30C-8E9F-43E4-B0EA-E161B61FF328}.Release|Any CPU.ActiveCfg = Release|Any CPU
		{384EE30C-8E9F-43E4-B0EA-E161B61FF328}.Release|Any CPU.Build.0 = Release|Any CPU
		{906C1334-0F8D-4A4E-A4DF-277D9C4E141A}.Debug|Any CPU.ActiveCfg = Debug|Any CPU
		{906C1334-0F8D-4A4E-A4DF-277D9C4E141A}.Debug|Any CPU.Build.0 = Debug|Any CPU
		{906C1334-0F8D-4A4E-A4DF-277D9C4E141A}.Release|Any CPU.ActiveCfg = Release|Any CPU
		{906C1334-0F8D-4A4E-A4DF-277D9C4E141A}.Release|Any CPU.Build.0 = Release|Any CPU
		{5ECC4984-791F-423E-950B-FFA706914836}.Debug|Any CPU.ActiveCfg = Debug|Any CPU
		{5ECC4984-791F-423E-950B-FFA706914836}.Debug|Any CPU.Build.0 = Debug|Any CPU
		{5ECC4984-791F-423E-950B-FFA706914836}.Release|Any CPU.ActiveCfg = Release|Any CPU
		{5ECC4984-791F-423E-950B-FFA706914836}.Release|Any CPU.Build.0 = Release|Any CPU
		{31FCE76D-FB3B-45CB-BCE4-459561D865CB}.Debug|Any CPU.ActiveCfg = Debug|Any CPU
		{31FCE76D-FB3B-45CB-BCE4-459561D865CB}.Debug|Any CPU.Build.0 = Debug|Any CPU
		{31FCE76D-FB3B-45CB-BCE4-459561D865CB}.Release|Any CPU.ActiveCfg = Release|Any CPU
		{31FCE76D-FB3B-45CB-BCE4-459561D865CB}.Release|Any CPU.Build.0 = Release|Any CPU
		{C356FF53-8C4A-4F45-9D53-F17997A4B131}.Debug|Any CPU.ActiveCfg = Debug|Any CPU
		{C356FF53-8C4A-4F45-9D53-F17997A4B131}.Debug|Any CPU.Build.0 = Debug|Any CPU
		{C356FF53-8C4A-4F45-9D53-F17997A4B131}.Release|Any CPU.ActiveCfg = Release|Any CPU
		{C356FF53-8C4A-4F45-9D53-F17997A4B131}.Release|Any CPU.Build.0 = Release|Any CPU
		{ADC710F4-64EA-4B04-8258-CE644F608070}.Debug|Any CPU.ActiveCfg = Debug|Any CPU
		{ADC710F4-64EA-4B04-8258-CE644F608070}.Debug|Any CPU.Build.0 = Debug|Any CPU
		{ADC710F4-64EA-4B04-8258-CE644F608070}.Release|Any CPU.ActiveCfg = Release|Any CPU
		{ADC710F4-64EA-4B04-8258-CE644F608070}.Release|Any CPU.Build.0 = Release|Any CPU
		{C5E48953-3DC0-49F8-BCF0-0D9CA74134EB}.Debug|Any CPU.ActiveCfg = Debug|Any CPU
		{C5E48953-3DC0-49F8-BCF0-0D9CA74134EB}.Debug|Any CPU.Build.0 = Debug|Any CPU
		{C5E48953-3DC0-49F8-BCF0-0D9CA74134EB}.Release|Any CPU.ActiveCfg = Release|Any CPU
		{C5E48953-3DC0-49F8-BCF0-0D9CA74134EB}.Release|Any CPU.Build.0 = Release|Any CPU
	EndGlobalSection
	GlobalSection(SolutionProperties) = preSolution
		HideSolutionNode = FALSE
	EndGlobalSection
	GlobalSection(ExtensibilityGlobals) = postSolution
		SolutionGuid = {04E4D57E-63CC-4522-B284-7D8B89D4007A}
	EndGlobalSection
EndGlobal
